
Microsoft Visual Studio Solution File, Format Version 12.00
# Visual Studio Version 16
VisualStudioVersion = 16.0.29905.134
MinimumVisualStudioVersion = 10.0.40219.1
Project("{FAE04EC0-301F-11D3-BF4B-00C04F79EFBC}") = "App1_ConsultarCep.UWP", "App1_ConsultarCep\App1_ConsultarCep.UWP\App1_ConsultarCep.UWP.csproj", "{3A4829C6-3093-4FBB-A1A1-43BE303A5583}"
EndProject
Project("{FAE04EC0-301F-11D3-BF4B-00C04F79EFBC}") = "App1_ConsultarCep.Android", "App1_ConsultarCep\App1_ConsultarCep.Android\App1_ConsultarCep.Android.csproj", "{4A7CE520-7FA8-47DF-9996-5CCEE088B2F4}"
EndProject
Project("{FAE04EC0-301F-11D3-BF4B-00C04F79EFBC}") = "App1_ConsultarCep.iOS", "App1_ConsultarCep\App1_ConsultarCep.iOS\App1_ConsultarCep.iOS.csproj", "{C25A3771-C386-4E52-8C08-B8FA3CC6C750}"
EndProject
Project("{FAE04EC0-301F-11D3-BF4B-00C04F79EFBC}") = "App1_ConsultarCep", "App1_ConsultarCep\App1_ConsultarCep\App1_ConsultarCep.csproj", "{F8EFF0EA-B575-4AF3-864C-ACEA7BF8B4FD}"
EndProject
Global
	GlobalSection(SolutionConfigurationPlatforms) = preSolution
		Debug|Any CPU = Debug|Any CPU
		Debug|ARM = Debug|ARM
		Debug|iPhone = Debug|iPhone
		Debug|iPhoneSimulator = Debug|iPhoneSimulator
		Debug|x64 = Debug|x64
		Debug|x86 = Debug|x86
		Release|Any CPU = Release|Any CPU
		Release|ARM = Release|ARM
		Release|iPhone = Release|iPhone
		Release|iPhoneSimulator = Release|iPhoneSimulator
		Release|x64 = Release|x64
		Release|x86 = Release|x86
	EndGlobalSection
	GlobalSection(ProjectConfigurationPlatforms) = postSolution
		{3A4829C6-3093-4FBB-A1A1-43BE303A5583}.Debug|Any CPU.ActiveCfg = Debug|x86
		{3A4829C6-3093-4FBB-A1A1-43BE303A5583}.Debug|Any CPU.Build.0 = Debug|x86
		{3A4829C6-3093-4FBB-A1A1-43BE303A5583}.Debug|Any CPU.Deploy.0 = Debug|x86
		{3A4829C6-3093-4FBB-A1A1-43BE303A5583}.Debug|ARM.ActiveCfg = Debug|ARM
		{3A4829C6-3093-4FBB-A1A1-43BE303A5583}.Debug|ARM.Build.0 = Debug|ARM
		{3A4829C6-3093-4FBB-A1A1-43BE303A5583}.Debug|ARM.Deploy.0 = Debug|ARM
		{3A4829C6-3093-4FBB-A1A1-43BE303A5583}.Debug|iPhone.ActiveCfg = Debug|x86
		{3A4829C6-3093-4FBB-A1A1-43BE303A5583}.Debug|iPhone.Build.0 = Debug|x86
		{3A4829C6-3093-4FBB-A1A1-43BE303A5583}.Debug|iPhone.Deploy.0 = Debug|x86
		{3A4829C6-3093-4FBB-A1A1-43BE303A5583}.Debug|iPhoneSimulator.ActiveCfg = Debug|x86
		{3A4829C6-3093-4FBB-A1A1-43BE303A5583}.Debug|iPhoneSimulator.Build.0 = Debug|x86
		{3A4829C6-3093-4FBB-A1A1-43BE303A5583}.Debug|iPhoneSimulator.Deploy.0 = Debug|x86
		{3A4829C6-3093-4FBB-A1A1-43BE303A5583}.Debug|x64.ActiveCfg = Debug|x64
		{3A4829C6-3093-4FBB-A1A1-43BE303A5583}.Debug|x64.Build.0 = Debug|x64
		{3A4829C6-3093-4FBB-A1A1-43BE303A5583}.Debug|x64.Deploy.0 = Debug|x64
		{3A4829C6-3093-4FBB-A1A1-43BE303A5583}.Debug|x86.ActiveCfg = Debug|x86
		{3A4829C6-3093-4FBB-A1A1-43BE303A5583}.Debug|x86.Build.0 = Debug|x86
		{3A4829C6-3093-4FBB-A1A1-43BE303A5583}.Debug|x86.Deploy.0 = Debug|x86
		{3A4829C6-3093-4FBB-A1A1-43BE303A5583}.Release|Any CPU.ActiveCfg = Release|x86
		{3A4829C6-3093-4FBB-A1A1-43BE303A5583}.Release|Any CPU.Build.0 = Release|x86
		{3A4829C6-3093-4FBB-A1A1-43BE303A5583}.Release|Any CPU.Deploy.0 = Release|x86
		{3A4829C6-3093-4FBB-A1A1-43BE303A5583}.Release|ARM.ActiveCfg = Release|ARM
		{3A4829C6-3093-4FBB-A1A1-43BE303A5583}.Release|ARM.Build.0 = Release|ARM
		{3A4829C6-3093-4FBB-A1A1-43BE303A5583}.Release|ARM.Deploy.0 = Release|ARM
		{3A4829C6-3093-4FBB-A1A1-43BE303A5583}.Release|iPhone.ActiveCfg = Release|x86
		{3A4829C6-3093-4FBB-A1A1-43BE303A5583}.Release|iPhone.Build.0 = Release|x86
		{3A4829C6-3093-4FBB-A1A1-43BE303A5583}.Release|iPhone.Deploy.0 = Release|x86
		{3A4829C6-3093-4FBB-A1A1-43BE303A5583}.Release|iPhoneSimulator.ActiveCfg = Release|x86
		{3A4829C6-3093-4FBB-A1A1-43BE303A5583}.Release|iPhoneSimulator.Build.0 = Release|x86
		{3A4829C6-3093-4FBB-A1A1-43BE303A5583}.Release|iPhoneSimulator.Deploy.0 = Release|x86
		{3A4829C6-3093-4FBB-A1A1-43BE303A5583}.Release|x64.ActiveCfg = Release|x64
		{3A4829C6-3093-4FBB-A1A1-43BE303A5583}.Release|x64.Build.0 = Release|x64
		{3A4829C6-3093-4FBB-A1A1-43BE303A5583}.Release|x64.Deploy.0 = Release|x64
		{3A4829C6-3093-4FBB-A1A1-43BE303A5583}.Release|x86.ActiveCfg = Release|x86
		{3A4829C6-3093-4FBB-A1A1-43BE303A5583}.Release|x86.Build.0 = Release|x86
		{3A4829C6-3093-4FBB-A1A1-43BE303A5583}.Release|x86.Deploy.0 = Release|x86
		{4A7CE520-7FA8-47DF-9996-5CCEE088B2F4}.Debug|Any CPU.ActiveCfg = Debug|Any CPU
		{4A7CE520-7FA8-47DF-9996-5CCEE088B2F4}.Debug|Any CPU.Build.0 = Debug|Any CPU
		{4A7CE520-7FA8-47DF-9996-5CCEE088B2F4}.Debug|Any CPU.Deploy.0 = Debug|Any CPU
		{4A7CE520-7FA8-47DF-9996-5CCEE088B2F4}.Debug|ARM.ActiveCfg = Debug|Any CPU
		{4A7CE520-7FA8-47DF-9996-5CCEE088B2F4}.Debug|ARM.Build.0 = Debug|Any CPU
		{4A7CE520-7FA8-47DF-9996-5CCEE088B2F4}.Debug|ARM.Deploy.0 = Debug|Any CPU
		{4A7CE520-7FA8-47DF-9996-5CCEE088B2F4}.Debug|iPhone.ActiveCfg = Debug|Any CPU
		{4A7CE520-7FA8-47DF-9996-5CCEE088B2F4}.Debug|iPhone.Build.0 = Debug|Any CPU
		{4A7CE520-7FA8-47DF-9996-5CCEE088B2F4}.Debug|iPhone.Deploy.0 = Debug|Any CPU
		{4A7CE520-7FA8-47DF-9996-5CCEE088B2F4}.Debug|iPhoneSimulator.ActiveCfg = Debug|Any CPU
		{4A7CE520-7FA8-47DF-9996-5CCEE088B2F4}.Debug|iPhoneSimulator.Build.0 = Debug|Any CPU
		{4A7CE520-7FA8-47DF-9996-5CCEE088B2F4}.Debug|iPhoneSimulator.Deploy.0 = Debug|Any CPU
		{4A7CE520-7FA8-47DF-9996-5CCEE088B2F4}.Debug|x64.ActiveCfg = Debug|Any CPU
		{4A7CE520-7FA8-47DF-9996-5CCEE088B2F4}.Debug|x64.Build.0 = Debug|Any CPU
		{4A7CE520-7FA8-47DF-9996-5CCEE088B2F4}.Debug|x64.Deploy.0 = Debug|Any CPU
		{4A7CE520-7FA8-47DF-9996-5CCEE088B2F4}.Debug|x86.ActiveCfg = Debug|Any CPU
		{4A7CE520-7FA8-47DF-9996-5CCEE088B2F4}.Debug|x86.Build.0 = Debug|Any CPU
		{4A7CE520-7FA8-47DF-9996-5CCEE088B2F4}.Debug|x86.Deploy.0 = Debug|Any CPU
		{4A7CE520-7FA8-47DF-9996-5CCEE088B2F4}.Release|Any CPU.ActiveCfg = Release|Any CPU
		{4A7CE520-7FA8-47DF-9996-5CCEE088B2F4}.Release|Any CPU.Build.0 = Release|Any CPU
		{4A7CE520-7FA8-47DF-9996-5CCEE088B2F4}.Release|Any CPU.Deploy.0 = Release|Any CPU
		{4A7CE520-7FA8-47DF-9996-5CCEE088B2F4}.Release|ARM.ActiveCfg = Release|Any CPU
		{4A7CE520-7FA8-47DF-9996-5CCEE088B2F4}.Release|ARM.Build.0 = Release|Any CPU
		{4A7CE520-7FA8-47DF-9996-5CCEE088B2F4}.Release|ARM.Deploy.0 = Release|Any CPU
		{4A7CE520-7FA8-47DF-9996-5CCEE088B2F4}.Release|iPhone.ActiveCfg = Release|Any CPU
		{4A7CE520-7FA8-47DF-9996-5CCEE088B2F4}.Release|iPhone.Build.0 = Release|Any CPU
		{4A7CE520-7FA8-47DF-9996-5CCEE088B2F4}.Release|iPhone.Deploy.0 = Release|Any CPU
		{4A7CE520-7FA8-47DF-9996-5CCEE088B2F4}.Release|iPhoneSimulator.ActiveCfg = Release|Any CPU
		{4A7CE520-7FA8-47DF-9996-5CCEE088B2F4}.Release|iPhoneSimulator.Build.0 = Release|Any CPU
		{4A7CE520-7FA8-47DF-9996-5CCEE088B2F4}.Release|iPhoneSimulator.Deploy.0 = Release|Any CPU
		{4A7CE520-7FA8-47DF-9996-5CCEE088B2F4}.Release|x64.ActiveCfg = Release|Any CPU
		{4A7CE520-7FA8-47DF-9996-5CCEE088B2F4}.Release|x64.Build.0 = Release|Any CPU
		{4A7CE520-7FA8-47DF-9996-5CCEE088B2F4}.Release|x64.Deploy.0 = Release|Any CPU
		{4A7CE520-7FA8-47DF-9996-5CCEE088B2F4}.Release|x86.ActiveCfg = Release|Any CPU
		{4A7CE520-7FA8-47DF-9996-5CCEE088B2F4}.Release|x86.Build.0 = Release|Any CPU
		{4A7CE520-7FA8-47DF-9996-5CCEE088B2F4}.Release|x86.Deploy.0 = Release|Any CPU
		{C25A3771-C386-4E52-8C08-B8FA3CC6C750}.Debug|Any CPU.ActiveCfg = Debug|iPhone
		{C25A3771-C386-4E52-8C08-B8FA3CC6C750}.Debug|Any CPU.Build.0 = Debug|iPhone
		{C25A3771-C386-4E52-8C08-B8FA3CC6C750}.Debug|Any CPU.Deploy.0 = Debug|iPhone
		{C25A3771-C386-4E52-8C08-B8FA3CC6C750}.Debug|ARM.ActiveCfg = Debug|iPhoneSimulator
		{C25A3771-C386-4E52-8C08-B8FA3CC6C750}.Debug|ARM.Build.0 = Debug|iPhoneSimulator
		{C25A3771-C386-4E52-8C08-B8FA3CC6C750}.Debug|ARM.Deploy.0 = Debug|iPhoneSimulator
		{C25A3771-C386-4E52-8C08-B8FA3CC6C750}.Debug|iPhone.ActiveCfg = Debug|iPhone
		{C25A3771-C386-4E52-8C08-B8FA3CC6C750}.Debug|iPhone.Build.0 = Debug|iPhone
		{C25A3771-C386-4E52-8C08-B8FA3CC6C750}.Debug|iPhone.Deploy.0 = Debug|iPhone
		{C25A3771-C386-4E52-8C08-B8FA3CC6C750}.Debug|iPhoneSimulator.ActiveCfg = Debug|iPhoneSimulator
		{C25A3771-C386-4E52-8C08-B8FA3CC6C750}.Debug|iPhoneSimulator.Build.0 = Debug|iPhoneSimulator
		{C25A3771-C386-4E52-8C08-B8FA3CC6C750}.Debug|iPhoneSimulator.Deploy.0 = Debug|iPhoneSimulator
		{C25A3771-C386-4E52-8C08-B8FA3CC6C750}.Debug|x64.ActiveCfg = Debug|iPhone
		{C25A3771-C386-4E52-8C08-B8FA3CC6C750}.Debug|x64.Build.0 = Debug|iPhone
		{C25A3771-C386-4E52-8C08-B8FA3CC6C750}.Debug|x64.Deploy.0 = Debug|iPhone
		{C25A3771-C386-4E52-8C08-B8FA3CC6C750}.Debug|x86.ActiveCfg = Debug|iPhone
		{C25A3771-C386-4E52-8C08-B8FA3CC6C750}.Debug|x86.Build.0 = Debug|iPhone
		{C25A3771-C386-4E52-8C08-B8FA3CC6C750}.Debug|x86.Deploy.0 = Debug|iPhone
		{C25A3771-C386-4E52-8C08-B8FA3CC6C750}.Release|Any CPU.ActiveCfg = Release|iPhone
		{C25A3771-C386-4E52-8C08-B8FA3CC6C750}.Release|Any CPU.Build.0 = Release|iPhone
		{C25A3771-C386-4E52-8C08-B8FA3CC6C750}.Release|Any CPU.Deploy.0 = Release|iPhone
		{C25A3771-C386-4E52-8C08-B8FA3CC6C750}.Release|ARM.ActiveCfg = Release|iPhone
		{C25A3771-C386-4E52-8C08-B8FA3CC6C750}.Release|ARM.Build.0 = Release|iPhone
		{C25A3771-C386-4E52-8C08-B8FA3CC6C750}.Release|ARM.Deploy.0 = Release|iPhone
		{C25A3771-C386-4E52-8C08-B8FA3CC6C750}.Release|iPhone.ActiveCfg = Release|iPhone
		{C25A3771-C386-4E52-8C08-B8FA3CC6C750}.Release|iPhone.Build.0 = Release|iPhone
		{C25A3771-C386-4E52-8C08-B8FA3CC6C750}.Release|iPhone.Deploy.0 = Release|iPhone
		{C25A3771-C386-4E52-8C08-B8FA3CC6C750}.Release|iPhoneSimulator.ActiveCfg = Release|iPhoneSimulator
		{C25A3771-C386-4E52-8C08-B8FA3CC6C750}.Release|iPhoneSimulator.Build.0 = Release|iPhoneSimulator
		{C25A3771-C386-4E52-8C08-B8FA3CC6C750}.Release|iPhoneSimulator.Deploy.0 = Release|iPhoneSimulator
		{C25A3771-C386-4E52-8C08-B8FA3CC6C750}.Release|x64.ActiveCfg = Release|iPhone
		{C25A3771-C386-4E52-8C08-B8FA3CC6C750}.Release|x64.Build.0 = Release|iPhone
		{C25A3771-C386-4E52-8C08-B8FA3CC6C750}.Release|x64.Deploy.0 = Release|iPhone
		{C25A3771-C386-4E52-8C08-B8FA3CC6C750}.Release|x86.ActiveCfg = Release|iPhone
		{C25A3771-C386-4E52-8C08-B8FA3CC6C750}.Release|x86.Build.0 = Release|iPhone
		{C25A3771-C386-4E52-8C08-B8FA3CC6C750}.Release|x86.Deploy.0 = Release|iPhone
		{F8EFF0EA-B575-4AF3-864C-ACEA7BF8B4FD}.Debug|Any CPU.ActiveCfg = Debug|Any CPU
		{F8EFF0EA-B575-4AF3-864C-ACEA7BF8B4FD}.Debug|Any CPU.Build.0 = Debug|Any CPU
		{F8EFF0EA-B575-4AF3-864C-ACEA7BF8B4FD}.Debug|Any CPU.Deploy.0 = Debug|Any CPU
		{F8EFF0EA-B575-4AF3-864C-ACEA7BF8B4FD}.Debug|ARM.ActiveCfg = Debug|Any CPU
		{F8EFF0EA-B575-4AF3-864C-ACEA7BF8B4FD}.Debug|ARM.Build.0 = Debug|Any CPU
		{F8EFF0EA-B575-4AF3-864C-ACEA7BF8B4FD}.Debug|ARM.Deploy.0 = Debug|Any CPU
		{F8EFF0EA-B575-4AF3-864C-ACEA7BF8B4FD}.Debug|iPhone.ActiveCfg = Debug|Any CPU
		{F8EFF0EA-B575-4AF3-864C-ACEA7BF8B4FD}.Debug|iPhone.Build.0 = Debug|Any CPU
		{F8EFF0EA-B575-4AF3-864C-ACEA7BF8B4FD}.Debug|iPhone.Deploy.0 = Debug|Any CPU
		{F8EFF0EA-B575-4AF3-864C-ACEA7BF8B4FD}.Debug|iPhoneSimulator.ActiveCfg = Debug|Any CPU
		{F8EFF0EA-B575-4AF3-864C-ACEA7BF8B4FD}.Debug|iPhoneSimulator.Build.0 = Debug|Any CPU
		{F8EFF0EA-B575-4AF3-864C-ACEA7BF8B4FD}.Debug|iPhoneSimulator.Deploy.0 = Debug|Any CPU
		{F8EFF0EA-B575-4AF3-864C-ACEA7BF8B4FD}.Debug|x64.ActiveCfg = Debug|Any CPU
		{F8EFF0EA-B575-4AF3-864C-ACEA7BF8B4FD}.Debug|x64.Build.0 = Debug|Any CPU
		{F8EFF0EA-B575-4AF3-864C-ACEA7BF8B4FD}.Debug|x64.Deploy.0 = Debug|Any CPU
		{F8EFF0EA-B575-4AF3-864C-ACEA7BF8B4FD}.Debug|x86.ActiveCfg = Debug|Any CPU
		{F8EFF0EA-B575-4AF3-864C-ACEA7BF8B4FD}.Debug|x86.Build.0 = Debug|Any CPU
		{F8EFF0EA-B575-4AF3-864C-ACEA7BF8B4FD}.Debug|x86.Deploy.0 = Debug|Any CPU
		{F8EFF0EA-B575-4AF3-864C-ACEA7BF8B4FD}.Release|Any CPU.ActiveCfg = Release|Any CPU
		{F8EFF0EA-B575-4AF3-864C-ACEA7BF8B4FD}.Release|Any CPU.Build.0 = Release|Any CPU
		{F8EFF0EA-B575-4AF3-864C-ACEA7BF8B4FD}.Release|Any CPU.Deploy.0 = Release|Any CPU
		{F8EFF0EA-B575-4AF3-864C-ACEA7BF8B4FD}.Release|ARM.ActiveCfg = Release|Any CPU
		{F8EFF0EA-B575-4AF3-864C-ACEA7BF8B4FD}.Release|ARM.Build.0 = Release|Any CPU
		{F8EFF0EA-B575-4AF3-864C-ACEA7BF8B4FD}.Release|ARM.Deploy.0 = Release|Any CPU
		{F8EFF0EA-B575-4AF3-864C-ACEA7BF8B4FD}.Release|iPhone.ActiveCfg = Release|Any CPU
		{F8EFF0EA-B575-4AF3-864C-ACEA7BF8B4FD}.Release|iPhone.Build.0 = Release|Any CPU
		{F8EFF0EA-B575-4AF3-864C-ACEA7BF8B4FD}.Release|iPhone.Deploy.0 = Release|Any CPU
		{F8EFF0EA-B575-4AF3-864C-ACEA7BF8B4FD}.Release|iPhoneSimulator.ActiveCfg = Release|Any CPU
		{F8EFF0EA-B575-4AF3-864C-ACEA7BF8B4FD}.Release|iPhoneSimulator.Build.0 = Release|Any CPU
		{F8EFF0EA-B575-4AF3-864C-ACEA7BF8B4FD}.Release|iPhoneSimulator.Deploy.0 = Release|Any CPU
		{F8EFF0EA-B575-4AF3-864C-ACEA7BF8B4FD}.Release|x64.ActiveCfg = Release|Any CPU
		{F8EFF0EA-B575-4AF3-864C-ACEA7BF8B4FD}.Release|x64.Build.0 = Release|Any CPU
		{F8EFF0EA-B575-4AF3-864C-ACEA7BF8B4FD}.Release|x64.Deploy.0 = Release|Any CPU
		{F8EFF0EA-B575-4AF3-864C-ACEA7BF8B4FD}.Release|x86.ActiveCfg = Release|Any CPU
		{F8EFF0EA-B575-4AF3-864C-ACEA7BF8B4FD}.Release|x86.Build.0 = Release|Any CPU
		{F8EFF0EA-B575-4AF3-864C-ACEA7BF8B4FD}.Release|x86.Deploy.0 = Release|Any CPU
	EndGlobalSection
	GlobalSection(SolutionProperties) = preSolution
		HideSolutionNode = FALSE
	EndGlobalSection
	GlobalSection(ExtensibilityGlobals) = postSolution
		SolutionGuid = {2094EDB8-4A1E-432F-813E-B50F5961CDF5}
	EndGlobalSection
EndGlobal
